
Microsoft Visual Studio Solution File, Format Version 12.00
# Visual Studio 15
VisualStudioVersion = 15.0.28307.1082
MinimumVisualStudioVersion = 10.0.40219.1
Project("{FAE04EC0-301F-11D3-BF4B-00C04F79EFBC}") = "SimpleWebScraper", "SimpleWebScraper\SimpleWebScraper.csproj", "{F57C8D05-8E71-48BB-AA3B-19512A15CDCB}"
EndProject
Project("{FAE04EC0-301F-11D3-BF4B-00C04F79EFBC}") = "SimpleWebScraper.Test.Unit", "SimpleWebScraper.Test.Unit\SimpleWebScraper.Test.Unit.csproj", "{974D8527-70C4-4FF3-9BE6-728CAA139138}"
EndProject
Global
	GlobalSection(SolutionConfigurationPlatforms) = preSolution
		Debug|Any CPU = Debug|Any CPU
		Release|Any CPU = Release|Any CPU
	EndGlobalSection
	GlobalSection(ProjectConfigurationPlatforms) = postSolution
		{F57C8D05-8E71-48BB-AA3B-19512A15CDCB}.Debug|Any CPU.ActiveCfg = Debug|Any CPU
		{F57C8D05-8E71-48BB-AA3B-19512A15CDCB}.Debug|Any CPU.Build.0 = Debug|Any CPU
		{F57C8D05-8E71-48BB-AA3B-19512A15CDCB}.Release|Any CPU.ActiveCfg = Release|Any CPU
		{F57C8D05-8E71-48BB-AA3B-19512A15CDCB}.Release|Any CPU.Build.0 = Release|Any CPU
		{974D8527-70C4-4FF3-9BE6-728CAA139138}.Debug|Any CPU.ActiveCfg = Debug|Any CPU
		{974D8527-70C4-4FF3-9BE6-728CAA139138}.Debug|Any CPU.Build.0 = Debug|Any CPU
		{974D8527-70C4-4FF3-9BE6-728CAA139138}.Release|Any CPU.ActiveCfg = Release|Any CPU
		{974D8527-70C4-4FF3-9BE6-728CAA139138}.Release|Any CPU.Build.0 = Release|Any CPU
	EndGlobalSection
	GlobalSection(SolutionProperties) = preSolution
		HideSolutionNode = FALSE
	EndGlobalSection
	GlobalSection(ExtensibilityGlobals) = postSolution
		SolutionGuid = {F6156F8D-A467-4F98-BB1C-8ECC7F7003D8}
	EndGlobalSection
EndGlobal
