
Microsoft Visual Studio Solution File, Format Version 12.00
# Visual Studio 15
VisualStudioVersion = 15.0.28307.1082
MinimumVisualStudioVersion = 10.0.40219.1
Project("{FAE04EC0-301F-11D3-BF4B-00C04F79EFBC}") = "CyclicRotation", "CyclicRotation\CyclicRotation.csproj", "{5D498932-1B7A-42CE-86AE-1E2E4E12BFC4}"
EndProject
Global
	GlobalSection(SolutionConfigurationPlatforms) = preSolution
		Debug|Any CPU = Debug|Any CPU
		Release|Any CPU = Release|Any CPU
	EndGlobalSection
	GlobalSection(ProjectConfigurationPlatforms) = postSolution
		{5D498932-1B7A-42CE-86AE-1E2E4E12BFC4}.Debug|Any CPU.ActiveCfg = Debug|Any CPU
		{5D498932-1B7A-42CE-86AE-1E2E4E12BFC4}.Debug|Any CPU.Build.0 = Debug|Any CPU
		{5D498932-1B7A-42CE-86AE-1E2E4E12BFC4}.Release|Any CPU.ActiveCfg = Release|Any CPU
		{5D498932-1B7A-42CE-86AE-1E2E4E12BFC4}.Release|Any CPU.Build.0 = Release|Any CPU
	EndGlobalSection
	GlobalSection(SolutionProperties) = preSolution
		HideSolutionNode = FALSE
	EndGlobalSection
	GlobalSection(ExtensibilityGlobals) = postSolution
		SolutionGuid = {721D33BA-FBB2-4A72-9768-6D7E741AB471}
	EndGlobalSection
EndGlobal
